
Microsoft Visual Studio Solution File, Format Version 12.00
# Visual Studio Version 17
VisualStudioVersion = 17.13.35818.85 d17.13
MinimumVisualStudioVersion = 10.0.40219.1
Project("{FAE04EC0-301F-11D3-BF4B-00C04F79EFBC}") = "SuperStrategy", "SuperStrategy.csproj", "{E70E4B91-94B9-41D2-909D-FB90E2889BD0}"
EndProject
Global
	GlobalSection(SolutionConfigurationPlatforms) = preSolution
		Debug|Any CPU = Debug|Any CPU
		Release|Any CPU = Release|Any CPU
	EndGlobalSection
	GlobalSection(ProjectConfigurationPlatforms) = postSolution
		{E70E4B91-94B9-41D2-909D-FB90E2889BD0}.Debug|Any CPU.ActiveCfg = Debug|Any CPU
		{E70E4B91-94B9-41D2-909D-FB90E2889BD0}.Debug|Any CPU.Build.0 = Debug|Any CPU
		{E70E4B91-94B9-41D2-909D-FB90E2889BD0}.Release|Any CPU.ActiveCfg = Release|Any CPU
		{E70E4B91-94B9-41D2-909D-FB90E2889BD0}.Release|Any CPU.Build.0 = Release|Any CPU
	EndGlobalSection
	GlobalSection(SolutionProperties) = preSolution
		HideSolutionNode = FALSE
	EndGlobalSection
	GlobalSection(ExtensibilityGlobals) = postSolution
		SolutionGuid = {B84FF85B-CA71-4294-8222-516D6B7CA174}
	EndGlobalSection
EndGlobal
